<?xml version="1.0" encoding="utf-8"?>
<Project ToolsVersion="4.0" xmlns="http://schemas.microsoft.com/developer/msbuild/2003">
  <ItemGroup>
    <Filter Include="Source Files">
      <UniqueIdentifier>{4FC737F1-C7A5-4376-A066-2A32D752A2FF}</UniqueIdentifier>
      <Extensions>cpp;c;cc;cxx;def;odl;idl;hpj;bat;asm;asmx</Extensions>
    </Filter>
    <Filter Include="Header Files">
      <UniqueIdentifier>{93995380-89BD-4b04-88EB-625FBE52EBFB}</UniqueIdentifier>
      <Extensions>h;hh;hpp;hxx;hm;inl;inc;xsd</Extensions>
    </Filter>
    <Filter Include="Resource Files">
      <UniqueIdentifier>{D9D6E242-F8AF-46E4-B9FD-80ECBC20BA3E}</UniqueIdentifier>
      <Extensions>qrc;*</Extensions>
      <ParseFiles>false</ParseFiles>
    </Filter>
    <Filter Include="Form Files">
      <UniqueIdentifier>{99349809-55BA-4b9d-BF79-8FDBB0286EB3}</UniqueIdentifier>
      <Extensions>ui</Extensions>
    </Filter>
    <Filter Include="Resource Files">
      <UniqueIdentifier>{D9D6E242-F8AF-46E4-B9FD-80ECBC20BA3E}</UniqueIdentifier>
      <Extensions>qrc;*</Extensions>
      <ParseFiles>false</ParseFiles>
    </Filter>
    <Filter Include="Resource Files\included files">
      <UniqueIdentifier>{bf2c4dca-aa0a-4b02-919d-5d5d17fc59df}</UniqueIdentifier>
    </Filter>
    <Filter Include="Resource Files\included files\assets">
      <UniqueIdentifier>{6107dfb3-1330-48b5-a8cb-9e0f4bd56c22}</UniqueIdentifier>
    </Filter>
    <Filter Include="Resource Files\included files\programs">
      <UniqueIdentifier>{0d21f0a8-92a0-461c-8c17-ab8ea9fc8ef8}</UniqueIdentifier>
    </Filter>
  </ItemGroup>
  <ItemGroup>
    <QtUic Include="Download_and_Clip.ui">
      <Filter>Form Files</Filter>
    </QtUic>
    <QtUic Include="Task_Man.ui">
      <Filter>Form Files</Filter>
    </QtUic>
  </ItemGroup>
  <ItemGroup>
    <QtRcc Include="Download_and_Clip.qrc">
      <Filter>Resource Files</Filter>
    </QtRcc>
  </ItemGroup>
  <ItemGroup>
    <Image Include="icon1.ico" />
  </ItemGroup>
  <ItemGroup>
    <None Include="packages.config" />
  </ItemGroup>
  <ItemGroup>
    <CopyFileToFolders Include="assets\16x9.png" />
    <CopyFileToFolders Include="assets\Spin-1s-200px.gif" />
    <CopyFileToFolders Include="assets\Spinner-1s-200px.gif" />
    <CopyFileToFolders Include="programs\ffmpeg.exe" />
    <CopyFileToFolders Include="programs\ffplay.exe" />
    <CopyFileToFolders Include="programs\ffprobe.exe" />
    <CopyFileToFolders Include="programs\youtube-dl.exe" />
  </ItemGroup>
  <ItemGroup>
    <ClCompile Include="src\base64.cpp">
      <Filter>Source Files</Filter>
    </ClCompile>
    <ClCompile Include="src\Download_and_Clip.cpp">
      <Filter>Source Files</Filter>
    </ClCompile>
    <ClCompile Include="src\main.cpp">
      <Filter>Source Files</Filter>
    </ClCompile>
    <ClCompile Include="src\Task_Man.cpp">
      <Filter>Source Files</Filter>
    </ClCompile>
  </ItemGroup>
  <ItemGroup>
    <QtMoc Include="src\Download_and_Clip.h">
      <Filter>Header Files</Filter>
    </QtMoc>
    <QtMoc Include="src\Task_Man.h">
      <Filter>Header Files</Filter>
    </QtMoc>
  </ItemGroup>
  <ItemGroup>
    <ClInclude Include="src\resource.h">
      <Filter>Header Files</Filter>
    </ClInclude>
  </ItemGroup>
  <ItemGroup>
    <ResourceCompile Include="src\Download_and_Clip.rc" />
  </ItemGroup>
</Project>